
Microsoft Visual Studio Solution File, Format Version 12.00
# Visual Studio 14
VisualStudioVersion = 14.0.23107.0
MinimumVisualStudioVersion = 10.0.40219.1
Project("{FAE04EC0-301F-11D3-BF4B-00C04F79EFBC}") = "SpreadsheetUtilities", "SpreadsheetUtilities\SpreadsheetUtilities.csproj", "{3BF18831-2A77-4C52-A15B-6AA1EAA492D7}"
EndProject
Project("{FAE04EC0-301F-11D3-BF4B-00C04F79EFBC}") = "PS2_Testing", "PS2_Testing\PS2_Testing.csproj", "{EC7D3E35-D10E-40FA-B83B-1C929C95AED4}"
EndProject
Global
	GlobalSection(SolutionConfigurationPlatforms) = preSolution
		Debug|Any CPU = Debug|Any CPU
		Release|Any CPU = Release|Any CPU
	EndGlobalSection
	GlobalSection(ProjectConfigurationPlatforms) = postSolution
		{3BF18831-2A77-4C52-A15B-6AA1EAA492D7}.Debug|Any CPU.ActiveCfg = Debug|Any CPU
		{3BF18831-2A77-4C52-A15B-6AA1EAA492D7}.Debug|Any CPU.Build.0 = Debug|Any CPU
		{3BF18831-2A77-4C52-A15B-6AA1EAA492D7}.Release|Any CPU.ActiveCfg = Release|Any CPU
		{3BF18831-2A77-4C52-A15B-6AA1EAA492D7}.Release|Any CPU.Build.0 = Release|Any CPU
		{EC7D3E35-D10E-40FA-B83B-1C929C95AED4}.Debug|Any CPU.ActiveCfg = Debug|Any CPU
		{EC7D3E35-D10E-40FA-B83B-1C929C95AED4}.Debug|Any CPU.Build.0 = Debug|Any CPU
		{EC7D3E35-D10E-40FA-B83B-1C929C95AED4}.Release|Any CPU.ActiveCfg = Release|Any CPU
		{EC7D3E35-D10E-40FA-B83B-1C929C95AED4}.Release|Any CPU.Build.0 = Release|Any CPU
	EndGlobalSection
	GlobalSection(SolutionProperties) = preSolution
		HideSolutionNode = FALSE
	EndGlobalSection
EndGlobal
